
Microsoft Visual Studio Solution File, Format Version 12.00
# Visual Studio Version 17
VisualStudioVersion = 17.10.35013.160
MinimumVisualStudioVersion = 10.0.40219.1
Project("{FAE04EC0-301F-11D3-BF4B-00C04F79EFBC}") = "Transportes 3 capas gen 7", "Transportes 3 capas gen 7.csproj", "{78E5567D-D1FF-4FDC-99F6-697995C2EFD4}"
EndProject
Project("{FAE04EC0-301F-11D3-BF4B-00C04F79EFBC}") = "DAL", "..\DAL\DAL.csproj", "{BE02C946-7931-47DB-A25B-E82C1A80CA3A}"
EndProject
Project("{FAE04EC0-301F-11D3-BF4B-00C04F79EFBC}") = "VO", "..\VO\VO.csproj", "{CFE7B345-E1FB-478E-9E80-F38180A2C2E5}"
EndProject
Project("{FAE04EC0-301F-11D3-BF4B-00C04F79EFBC}") = "BLL", "..\BLL\BLL.csproj", "{3391555A-D04D-488A-81DA-CD8EC4F73124}"
EndProject
Global
	GlobalSection(SolutionConfigurationPlatforms) = preSolution
		Debug|Any CPU = Debug|Any CPU
		Release|Any CPU = Release|Any CPU
	EndGlobalSection
	GlobalSection(ProjectConfigurationPlatforms) = postSolution
		{78E5567D-D1FF-4FDC-99F6-697995C2EFD4}.Debug|Any CPU.ActiveCfg = Debug|Any CPU
		{78E5567D-D1FF-4FDC-99F6-697995C2EFD4}.Debug|Any CPU.Build.0 = Debug|Any CPU
		{78E5567D-D1FF-4FDC-99F6-697995C2EFD4}.Release|Any CPU.ActiveCfg = Release|Any CPU
		{78E5567D-D1FF-4FDC-99F6-697995C2EFD4}.Release|Any CPU.Build.0 = Release|Any CPU
		{BE02C946-7931-47DB-A25B-E82C1A80CA3A}.Debug|Any CPU.ActiveCfg = Debug|Any CPU
		{BE02C946-7931-47DB-A25B-E82C1A80CA3A}.Debug|Any CPU.Build.0 = Debug|Any CPU
		{BE02C946-7931-47DB-A25B-E82C1A80CA3A}.Release|Any CPU.ActiveCfg = Release|Any CPU
		{BE02C946-7931-47DB-A25B-E82C1A80CA3A}.Release|Any CPU.Build.0 = Release|Any CPU
		{CFE7B345-E1FB-478E-9E80-F38180A2C2E5}.Debug|Any CPU.ActiveCfg = Debug|Any CPU
		{CFE7B345-E1FB-478E-9E80-F38180A2C2E5}.Debug|Any CPU.Build.0 = Debug|Any CPU
		{CFE7B345-E1FB-478E-9E80-F38180A2C2E5}.Release|Any CPU.ActiveCfg = Release|Any CPU
		{CFE7B345-E1FB-478E-9E80-F38180A2C2E5}.Release|Any CPU.Build.0 = Release|Any CPU
		{3391555A-D04D-488A-81DA-CD8EC4F73124}.Debug|Any CPU.ActiveCfg = Debug|Any CPU
		{3391555A-D04D-488A-81DA-CD8EC4F73124}.Debug|Any CPU.Build.0 = Debug|Any CPU
		{3391555A-D04D-488A-81DA-CD8EC4F73124}.Release|Any CPU.ActiveCfg = Release|Any CPU
		{3391555A-D04D-488A-81DA-CD8EC4F73124}.Release|Any CPU.Build.0 = Release|Any CPU
	EndGlobalSection
	GlobalSection(SolutionProperties) = preSolution
		HideSolutionNode = FALSE
	EndGlobalSection
	GlobalSection(ExtensibilityGlobals) = postSolution
		SolutionGuid = {24AC0F4B-F1A4-43BD-B9E3-2B906151015C}
	EndGlobalSection
EndGlobal
